// !$*UTF8*$!
{
	archiveVersion = 1;
	classes = {
	};
	objectVersion = 46;
	objects = {

/* Begin PBXBuildFile section */
		060CEE18EC64A28A57BCFCA2 /* libPods.a in Frameworks */ = {isa = PBXBuildFile; fileRef = 5A5C63D517217B1FD1132143 /* libPods.a */; };
		AA1F20FD1BE567900061A792 /* main.m in Sources */ = {isa = PBXBuildFile; fileRef = AA1F20FC1BE567900061A792 /* main.m */; };
		AA1F21001BE567900061A792 /* AppDelegate.m in Sources */ = {isa = PBXBuildFile; fileRef = AA1F20FF1BE567900061A792 /* AppDelegate.m */; };
		AA1F21031BE567900061A792 /* ViewController.m in Sources */ = {isa = PBXBuildFile; fileRef = AA1F21021BE567900061A792 /* ViewController.m */; };
		AA1F21061BE567900061A792 /* Main.storyboard in Resources */ = {isa = PBXBuildFile; fileRef = AA1F21041BE567900061A792 /* Main.storyboard */; };
		AA1F21081BE567900061A792 /* Assets.xcassets in Resources */ = {isa = PBXBuildFile; fileRef = AA1F21071BE567900061A792 /* Assets.xcassets */; };
		AA1F210B1BE567900061A792 /* LaunchScreen.storyboard in Resources */ = {isa = PBXBuildFile; fileRef = AA1F21091BE567900061A792 /* LaunchScreen.storyboard */; };
		AA1F21141BE699F60061A792 /* BusinessTableViewCell.m in Sources */ = {isa = PBXBuildFile; fileRef = AA1F21131BE699F60061A792 /* BusinessTableViewCell.m */; settings = {ASSET_TAGS = (); }; };
		AA1F21191BE69FE80061A792 /* YelpBusiness.m in Sources */ = {isa = PBXBuildFile; fileRef = AA1F21181BE69FE80061A792 /* YelpBusiness.m */; settings = {ASSET_TAGS = (); }; };
		AA1F211C1BE6A0510061A792 /* YelpClient.m in Sources */ = {isa = PBXBuildFile; fileRef = AA1F211B1BE6A0510061A792 /* YelpClient.m */; settings = {ASSET_TAGS = (); }; };
		AA1F211F1BE6ABA30061A792 /* header_stars.png in Resources */ = {isa = PBXBuildFile; fileRef = AA1F211E1BE6ABA30061A792 /* header_stars.png */; settings = {ASSET_TAGS = (); }; };
/* End PBXBuildFile section */

/* Begin PBXFileReference section */
		13E932F42AC205B792D435D6 /* Pods.release.xcconfig */ = {isa = PBXFileReference; includeInIndex = 1; lastKnownFileType = text.xcconfig; name = Pods.release.xcconfig; path = "Pods/Target Support Files/Pods/Pods.release.xcconfig"; sourceTree = "<group>"; };
		3EEC33918D95F71F5E372BAB /* Pods.debug.xcconfig */ = {isa = PBXFileReference; includeInIndex = 1; lastKnownFileType = text.xcconfig; name = Pods.debug.xcconfig; path = "Pods/Target Support Files/Pods/Pods.debug.xcconfig"; sourceTree = "<group>"; };
		5A5C63D517217B1FD1132143 /* libPods.a */ = {isa = PBXFileReference; explicitFileType = archive.ar; includeInIndex = 0; path = libPods.a; sourceTree = BUILT_PRODUCTS_DIR; };
		AA1F20F81BE567900061A792 /* YelpClone.app */ = {isa = PBXFileReference; explicitFileType = wrapper.application; includeInIndex = 0; path = YelpClone.app; sourceTree = BUILT_PRODUCTS_DIR; };
		AA1F20FC1BE567900061A792 /* main.m */ = {isa = PBXFileReference; lastKnownFileType = sourcecode.c.objc; path = main.m; sourceTree = "<group>"; };
		AA1F20FE1BE567900061A792 /* AppDelegate.h */ = {isa = PBXFileReference; lastKnownFileType = sourcecode.c.h; path = AppDelegate.h; sourceTree = "<group>"; };
		AA1F20FF1BE567900061A792 /* AppDelegate.m */ = {isa = PBXFileReference; lastKnownFileType = sourcecode.c.objc; path = AppDelegate.m; sourceTree = "<group>"; };
		AA1F21011BE567900061A792 /* ViewController.h */ = {isa = PBXFileReference; lastKnownFileType = sourcecode.c.h; path = ViewController.h; sourceTree = "<group>"; };
		AA1F21021BE567900061A792 /* ViewController.m */ = {isa = PBXFileReference; lastKnownFileType = sourcecode.c.objc; path = ViewController.m; sourceTree = "<group>"; };
		AA1F21051BE567900061A792 /* Base */ = {isa = PBXFileReference; lastKnownFileType = file.storyboard; name = Base; path = Base.lproj/Main.storyboard; sourceTree = "<group>"; };
		AA1F21071BE567900061A792 /* Assets.xcassets */ = {isa = PBXFileReference; lastKnownFileType = folder.assetcatalog; path = Assets.xcassets; sourceTree = "<group>"; };
		AA1F210A1BE567900061A792 /* Base */ = {isa = PBXFileReference; lastKnownFileType = file.storyboard; name = Base; path = Base.lproj/LaunchScreen.storyboard; sourceTree = "<group>"; };
		AA1F210C1BE567900061A792 /* Info.plist */ = {isa = PBXFileReference; lastKnownFileType = text.plist.xml; path = Info.plist; sourceTree = "<group>"; };
		AA1F21121BE699F60061A792 /* BusinessTableViewCell.h */ = {isa = PBXFileReference; fileEncoding = 4; lastKnownFileType = sourcecode.c.h; path = BusinessTableViewCell.h; sourceTree = "<group>"; };
		AA1F21131BE699F60061A792 /* BusinessTableViewCell.m */ = {isa = PBXFileReference; fileEncoding = 4; lastKnownFileType = sourcecode.c.objc; path = BusinessTableViewCell.m; sourceTree = "<group>"; };
		AA1F21171BE69FE80061A792 /* YelpBusiness.h */ = {isa = PBXFileReference; fileEncoding = 4; lastKnownFileType = sourcecode.c.h; path = YelpBusiness.h; sourceTree = "<group>"; };
		AA1F21181BE69FE80061A792 /* YelpBusiness.m */ = {isa = PBXFileReference; fileEncoding = 4; lastKnownFileType = sourcecode.c.objc; path = YelpBusiness.m; sourceTree = "<group>"; };
		AA1F211A1BE6A0510061A792 /* YelpClient.h */ = {isa = PBXFileReference; fileEncoding = 4; lastKnownFileType = sourcecode.c.h; name = YelpClient.h; path = ../ios_yelp/Yelp/YelpClient.h; sourceTree = "<group>"; };
		AA1F211B1BE6A0510061A792 /* YelpClient.m */ = {isa = PBXFileReference; fileEncoding = 4; lastKnownFileType = sourcecode.c.objc; name = YelpClient.m; path = ../ios_yelp/Yelp/YelpClient.m; sourceTree = "<group>"; };
		AA1F211E1BE6ABA30061A792 /* header_stars.png */ = {isa = PBXFileReference; lastKnownFileType = image.png; name = header_stars.png; path = YelpClone/header_stars.png; sourceTree = "<group>"; };
/* End PBXFileReference section */

/* Begin PBXFrameworksBuildPhase section */
		AA1F20F51BE567900061A792 /* Frameworks */ = {
			isa = PBXFrameworksBuildPhase;
			buildActionMask = 2147483647;
			files = (
				060CEE18EC64A28A57BCFCA2 /* libPods.a in Frameworks */,
			);
			runOnlyForDeploymentPostprocessing = 0;
		};
/* End PBXFrameworksBuildPhase section */

/* Begin PBXGroup section */
		81C7AFF223A9518DC25877DD /* Pods */ = {
			isa = PBXGroup;
			children = (
				3EEC33918D95F71F5E372BAB /* Pods.debug.xcconfig */,
				13E932F42AC205B792D435D6 /* Pods.release.xcconfig */,
			);
			name = Pods;
			sourceTree = "<group>";
		};
		AA1F20EF1BE567900061A792 = {
			isa = PBXGroup;
			children = (
				AA1F21201BE6ABA60061A792 /* Assets */,
				AA1F211D1BE6A0570061A792 /* API */,
				AA1F21161BE69FC90061A792 /* Models */,
				AA1F20FA1BE567900061A792 /* YelpClone */,
				AA1F20F91BE567900061A792 /* Products */,
				81C7AFF223A9518DC25877DD /* Pods */,
				E8E62FDB7067074F071599F7 /* Frameworks */,
			);
			sourceTree = "<group>";
		};
		AA1F20F91BE567900061A792 /* Products */ = {
			isa = PBXGroup;
			children = (
				AA1F20F81BE567900061A792 /* YelpClone.app */,
			);
			name = Products;
			sourceTree = "<group>";
		};
		AA1F20FA1BE567900061A792 /* YelpClone */ = {
			isa = PBXGroup;
			children = (
				AA1F20FE1BE567900061A792 /* AppDelegate.h */,
				AA1F20FF1BE567900061A792 /* AppDelegate.m */,
				AA1F21011BE567900061A792 /* ViewController.h */,
				AA1F21021BE567900061A792 /* ViewController.m */,
				AA1F21041BE567900061A792 /* Main.storyboard */,
				AA1F21071BE567900061A792 /* Assets.xcassets */,
				AA1F21091BE567900061A792 /* LaunchScreen.storyboard */,
				AA1F210C1BE567900061A792 /* Info.plist */,
				AA1F20FB1BE567900061A792 /* Supporting Files */,
				AA1F21121BE699F60061A792 /* BusinessTableViewCell.h */,
				AA1F21131BE699F60061A792 /* BusinessTableViewCell.m */,
			);
			path = YelpClone;
			sourceTree = "<group>";
		};
		AA1F20FB1BE567900061A792 /* Supporting Files */ = {
			isa = PBXGroup;
			children = (
				AA1F20FC1BE567900061A792 /* main.m */,
			);
			name = "Supporting Files";
			sourceTree = "<group>";
		};
		AA1F21161BE69FC90061A792 /* Models */ = {
			isa = PBXGroup;
			children = (
				AA1F21171BE69FE80061A792 /* YelpBusiness.h */,
				AA1F21181BE69FE80061A792 /* YelpBusiness.m */,
			);
			name = Models;
			sourceTree = "<group>";
		};
		AA1F211D1BE6A0570061A792 /* API */ = {
			isa = PBXGroup;
			children = (
				AA1F211A1BE6A0510061A792 /* YelpClient.h */,
				AA1F211B1BE6A0510061A792 /* YelpClient.m */,
			);
			name = API;
			sourceTree = "<group>";
		};
		AA1F21201BE6ABA60061A792 /* Assets */ = {
			isa = PBXGroup;
			children = (
				AA1F211E1BE6ABA30061A792 /* header_stars.png */,
			);
			name = Assets;
			sourceTree = "<group>";
		};
		E8E62FDB7067074F071599F7 /* Frameworks */ = {
			isa = PBXGroup;
			children = (
				5A5C63D517217B1FD1132143 /* libPods.a */,
			);
			name = Frameworks;
			sourceTree = "<group>";
		};
/* End PBXGroup section */

/* Begin PBXNativeTarget section */
		AA1F20F71BE567900061A792 /* YelpClone */ = {
			isa = PBXNativeTarget;
			buildConfigurationList = AA1F210F1BE567900061A792 /* Build configuration list for PBXNativeTarget "YelpClone" */;
			buildPhases = (
				4D28C7A5A0B36CBC2A795303 /* Check Pods Manifest.lock */,
				AA1F20F41BE567900061A792 /* Sources */,
				AA1F20F51BE567900061A792 /* Frameworks */,
				AA1F20F61BE567900061A792 /* Resources */,
				FBF273EF45D5D8E7721B6397 /* Embed Pods Frameworks */,
				62BCFCC1FA7134EA6C48CC34 /* Copy Pods Resources */,
			);
			buildRules = (
			);
			dependencies = (
			);
			name = YelpClone;
			productName = YelpClone;
			productReference = AA1F20F81BE567900061A792 /* YelpClone.app */;
			productType = "com.apple.product-type.application";
		};
/* End PBXNativeTarget section */

/* Begin PBXProject section */
		AA1F20F01BE567900061A792 /* Project object */ = {
			isa = PBXProject;
			attributes = {
				LastUpgradeCheck = 0700;
				ORGANIZATIONNAME = "Steve Mitchell";
				TargetAttributes = {
					AA1F20F71BE567900061A792 = {
						CreatedOnToolsVersion = 7.0.1;
					};
				};
			};
			buildConfigurationList = AA1F20F31BE567900061A792 /* Build configuration list for PBXProject "YelpClone" */;
			compatibilityVersion = "Xcode 3.2";
			developmentRegion = English;
			hasScannedForEncodings = 0;
			knownRegions = (
				en,
				Base,
			);
			mainGroup = AA1F20EF1BE567900061A792;
			productRefGroup = AA1F20F91BE567900061A792 /* Products */;
			projectDirPath = "";
			projectRoot = "";
			targets = (
				AA1F20F71BE567900061A792 /* YelpClone */,
			);
		};
/* End PBXProject section */

/* Begin PBXResourcesBuildPhase section */
		AA1F20F61BE567900061A792 /* Resources */ = {
			isa = PBXResourcesBuildPhase;
			buildActionMask = 2147483647;
			files = (
				AA1F211F1BE6ABA30061A792 /* header_stars.png in Resources */,
				AA1F210B1BE567900061A792 /* LaunchScreen.storyboard in Resources */,
				AA1F21081BE567900061A792 /* Assets.xcassets in Resources */,
				AA1F21061BE567900061A792 /* Main.storyboard in Resources */,
			);
			runOnlyForDeploymentPostprocessing = 0;
		};
/* End PBXResourcesBuildPhase section */

/* Begin PBXShellScriptBuildPhase section */
		4D28C7A5A0B36CBC2A795303 /* Check Pods Manifest.lock */ = {
			isa = PBXShellScriptBuildPhase;
			buildActionMask = 2147483647;
			files = (
			);
			inputPaths = (
			);
			name = "Check Pods Manifest.lock";
			outputPaths = (
			);
			runOnlyForDeploymentPostprocessing = 0;
			shellPath = /bin/sh;
			shellScript = "diff \"${PODS_ROOT}/../Podfile.lock\" \"${PODS_ROOT}/Manifest.lock\" > /dev/null\nif [[ $? != 0 ]] ; then\n    cat << EOM\nerror: The sandbox is not in sync with the Podfile.lock. Run 'pod install' or update your CocoaPods installation.\nEOM\n    exit 1\nfi\n";
			showEnvVarsInLog = 0;
		};
		62BCFCC1FA7134EA6C48CC34 /* Copy Pods Resources */ = {
			isa = PBXShellScriptBuildPhase;
			buildActionMask = 2147483647;
			files = (
			);
			inputPaths = (
			);
			name = "Copy Pods Resources";
			outputPaths = (
			);
			runOnlyForDeploymentPostprocessing = 0;
			shellPath = /bin/sh;
			shellScript = "\"${SRCROOT}/Pods/Target Support Files/Pods/Pods-resources.sh\"\n";
			showEnvVarsInLog = 0;
		};
		FBF273EF45D5D8E7721B6397 /* Embed Pods Frameworks */ = {
			isa = PBXShellScriptBuildPhase;
			buildActionMask = 2147483647;
			files = (
			);
			inputPaths = (
			);
			name = "Embed Pods Frameworks";
			outputPaths = (
			);
			runOnlyForDeploymentPostprocessing = 0;
			shellPath = /bin/sh;
			shellScript = "\"${SRCROOT}/Pods/Target Support Files/Pods/Pods-frameworks.sh\"\n";
			showEnvVarsInLog = 0;
		};
/* End PBXShellScriptBuildPhase section */

/* Begin PBXSourcesBuildPhase section */
		AA1F20F41BE567900061A792 /* Sources */ = {
			isa = PBXSourcesBuildPhase;
			buildActionMask = 2147483647;
			files = (
				AA1F21031BE567900061A792 /* ViewController.m in Sources */,
				AA1F21141BE699F60061A792 /* BusinessTableViewCell.m in Sources */,
				AA1F211C1BE6A0510061A792 /* YelpClient.m in Sources */,
				AA1F21001BE567900061A792 /* AppDelegate.m in Sources */,
				AA1F20FD1BE567900061A792 /* main.m in Sources */,
				AA1F21191BE69FE80061A792 /* YelpBusiness.m in Sources */,
			);
			runOnlyForDeploymentPostprocessing = 0;
		};
/* End PBXSourcesBuildPhase section */

/* Begin PBXVariantGroup section */
		AA1F21041BE567900061A792 /* Main.storyboard */ = {
			isa = PBXVariantGroup;
			children = (
				AA1F21051BE567900061A792 /* Base */,
			);
			name = Main.storyboard;
			sourceTree = "<group>";
		};
		AA1F21091BE567900061A792 /* LaunchScreen.storyboard */ = {
			isa = PBXVariantGroup;
			children = (
				AA1F210A1BE567900061A792 /* Base */,
			);
			name = LaunchScreen.storyboard;
			sourceTree = "<group>";
		};
/* End PBXVariantGroup section */

/* Begin XCBuildConfiguration section */
		AA1F210D1BE567900061A792 /* Debug */ = {
			isa = XCBuildConfiguration;
			buildSettings = {
				ALWAYS_SEARCH_USER_PATHS = NO;
				CLANG_CXX_LANGUAGE_STANDARD = "gnu++0x";
				CLANG_CXX_LIBRARY = "libc++";
				CLANG_ENABLE_MODULES = YES;
				CLANG_ENABLE_OBJC_ARC = YES;
				CLANG_WARN_BOOL_CONVERSION = YES;
				CLANG_WARN_CONSTANT_CONVERSION = YES;
				CLANG_WARN_DIRECT_OBJC_ISA_USAGE = YES_ERROR;
				CLANG_WARN_EMPTY_BODY = YES;
				CLANG_WARN_ENUM_CONVERSION = YES;
				CLANG_WARN_INT_CONVERSION = YES;
				CLANG_WARN_OBJC_ROOT_CLASS = YES_ERROR;
				CLANG_WARN_UNREACHABLE_CODE = YES;
				CLANG_WARN__DUPLICATE_METHOD_MATCH = YES;
				"CODE_SIGN_IDENTITY[sdk=iphoneos*]" = "iPhone Developer";
				COPY_PHASE_STRIP = NO;
				DEBUG_INFORMATION_FORMAT = dwarf;
				ENABLE_STRICT_OBJC_MSGSEND = YES;
				ENABLE_TESTABILITY = YES;
				GCC_C_LANGUAGE_STANDARD = gnu99;
				GCC_DYNAMIC_NO_PIC = NO;
				GCC_NO_COMMON_BLOCKS = YES;
				GCC_OPTIMIZATION_LEVEL = 0;
				GCC_PREPROCESSOR_DEFINITIONS = (
					"DEBUG=1",
					"$(inherited)",
				);
				GCC_WARN_64_TO_32_BIT_CONVERSION = YES;
				GCC_WARN_ABOUT_RETURN_TYPE = YES_ERROR;
				GCC_WARN_UNDECLARED_SELECTOR = YES;
				GCC_WARN_UNINITIALIZED_AUTOS = YES_AGGRESSIVE;
				GCC_WARN_UNUSED_FUNCTION = YES;
				GCC_WARN_UNUSED_VARIABLE = YES;
				IPHONEOS_DEPLOYMENT_TARGET = 9.0;
				MTL_ENABLE_DEBUG_INFO = YES;
				ONLY_ACTIVE_ARCH = YES;
				SDKROOT = iphoneos;
				TARGETED_DEVICE_FAMILY = "1,2";
			};
			name = Debug;
		};
		AA1F210E1BE567900061A792 /* Release */ = {
			isa = XCBuildConfiguration;
			buildSettings = {
				ALWAYS_SEARCH_USER_PATHS = NO;
				CLANG_CXX_LANGUAGE_STANDARD = "gnu++0x";
				CLANG_CXX_LIBRARY = "libc++";
				CLANG_ENABLE_MODULES = YES;
				CLANG_ENABLE_OBJC_ARC = YES;
				CLANG_WARN_BOOL_CONVERSION = YES;
				CLANG_WARN_CONSTANT_CONVERSION = YES;
				CLANG_WARN_DIRECT_OBJC_ISA_USAGE = YES_ERROR;
				CLANG_WARN_EMPTY_BODY = YES;
				CLANG_WARN_ENUM_CONVERSION = YES;
				CLANG_WARN_INT_CONVERSION = YES;
				CLANG_WARN_OBJC_ROOT_CLASS = YES_ERROR;
				CLANG_WARN_UNREACHABLE_CODE = YES;
				CLANG_WARN__DUPLICATE_METHOD_MATCH = YES;
				"CODE_SIGN_IDENTITY[sdk=iphoneos*]" = "iPhone Developer";
				COPY_PHASE_STRIP = NO;
				DEBUG_INFORMATION_FORMAT = "dwarf-with-dsym";
				ENABLE_NS_ASSERTIONS = NO;
				ENABLE_STRICT_OBJC_MSGSEND = YES;
				GCC_C_LANGUAGE_STANDARD = gnu99;
				GCC_NO_COMMON_BLOCKS = YES;
				GCC_WARN_64_TO_32_BIT_CONVERSION = YES;
				GCC_WARN_ABOUT_RETURN_TYPE = YES_ERROR;
				GCC_WARN_UNDECLARED_SELECTOR = YES;
				GCC_WARN_UNINITIALIZED_AUTOS = YES_AGGRESSIVE;
				GCC_WARN_UNUSED_FUNCTION = YES;
				GCC_WARN_UNUSED_VARIABLE = YES;
				IPHONEOS_DEPLOYMENT_TARGET = 9.0;
				MTL_ENABLE_DEBUG_INFO = NO;
				SDKROOT = iphoneos;
				TARGETED_DEVICE_FAMILY = "1,2";
				VALIDATE_PRODUCT = YES;
			};
			name = Release;
		};
		AA1F21101BE567900061A792 /* Debug */ = {
			isa = XCBuildConfiguration;
			baseConfigurationReference = 3EEC33918D95F71F5E372BAB /* Pods.debug.xcconfig */;
			buildSettings = {
				ASSETCATALOG_COMPILER_APPICON_NAME = AppIcon;
				INFOPLIST_FILE = YelpClone/Info.plist;
				LD_RUNPATH_SEARCH_PATHS = "$(inherited) @executable_path/Frameworks";
				PRODUCT_BUNDLE_IDENTIFIER = "Steve-Mitchell.YelpClone";
				PRODUCT_NAME = "$(TARGET_NAME)";
			};
			name = Debug;
		};
		AA1F21111BE567900061A792 /* Release */ = {
			isa = XCBuildConfiguration;
			baseConfigurationReference = 13E932F42AC205B792D435D6 /* Pods.release.xcconfig */;
			buildSettings = {
				ASSETCATALOG_COMPILER_APPICON_NAME = AppIcon;
				INFOPLIST_FILE = YelpClone/Info.plist;
				LD_RUNPATH_SEARCH_PATHS = "$(inherited) @executable_path/Frameworks";
				PRODUCT_BUNDLE_IDENTIFIER = "Steve-Mitchell.YelpClone";
				PRODUCT_NAME = "$(TARGET_NAME)";
			};
			name = Release;
		};
/* End XCBuildConfiguration section */

/* Begin XCConfigurationList section */
		AA1F20F31BE567900061A792 /* Build configuration list for PBXProject "YelpClone" */ = {
			isa = XCConfigurationList;
			buildConfigurations = (
				AA1F210D1BE567900061A792 /* Debug */,
				AA1F210E1BE567900061A792 /* Release */,
			);
			defaultConfigurationIsVisible = 0;
			defaultConfigurationName = Release;
		};
		AA1F210F1BE567900061A792 /* Build configuration list for PBXNativeTarget "YelpClone" */ = {
			isa = XCConfigurationList;
			buildConfigurations = (
				AA1F21101BE567900061A792 /* Debug */,
				AA1F21111BE567900061A792 /* Release */,
			);
			defaultConfigurationIsVisible = 0;
			defaultConfigurationName = Release;
		};
/* End XCConfigurationList section */
	};
	rootObject = AA1F20F01BE567900061A792 /* Project object */;
}
